
Microsoft Visual Studio Solution File, Format Version 12.00
# Visual Studio Version 17
VisualStudioVersion = 17.9.34728.123
MinimumVisualStudioVersion = 10.0.40219.1
Project("{FAE04EC0-301F-11D3-BF4B-00C04F79EFBC}") = "CustomButton", "CustomButton\CustomButton.csproj", "{30521C50-7DCF-4F43-B86B-420D578524AC}"
EndProject
Global
	GlobalSection(SolutionConfigurationPlatforms) = preSolution
		Debug|Any CPU = Debug|Any CPU
		Release|Any CPU = Release|Any CPU
	EndGlobalSection
	GlobalSection(ProjectConfigurationPlatforms) = postSolution
		{30521C50-7DCF-4F43-B86B-420D578524AC}.Debug|Any CPU.ActiveCfg = Debug|Any CPU
		{30521C50-7DCF-4F43-B86B-420D578524AC}.Debug|Any CPU.Build.0 = Debug|Any CPU
		{30521C50-7DCF-4F43-B86B-420D578524AC}.Release|Any CPU.ActiveCfg = Release|Any CPU
		{30521C50-7DCF-4F43-B86B-420D578524AC}.Release|Any CPU.Build.0 = Release|Any CPU
	EndGlobalSection
	GlobalSection(SolutionProperties) = preSolution
		HideSolutionNode = FALSE
	EndGlobalSection
	GlobalSection(ExtensibilityGlobals) = postSolution
		SolutionGuid = {C16605B6-C34B-43F7-85EC-5579F97793BB}
	EndGlobalSection
EndGlobal
